Microsoft Visual Studio Solution File, Format Version 12.00
# Visual Studio Version 17
VisualStudioVersion = 17.5.2.0
MinimumVisualStudioVersion = 10.0.40219.1
Project("{9A19103F-16F7-4668-BE54-9A1E7A4F7556}") = "ProductAPI", "ProductAPI\ProductAPI.csproj", "{017B1B6F-BB0B-4BA9-B698-00246C5733FA}"
EndProject
Project("{9A19103F-16F7-4668-BE54-9A1E7A4F7556}") = "ProductAPI.Tests", "ProductAPI.Tests\ProductAPI.Tests.csproj", "{4AC7A688-DEC7-408E-941F-531900C56317}"
EndProject
Global
	GlobalSection(SolutionConfigurationPlatforms) = preSolution
		Debug|Any CPU = Debug|Any CPU
		Release|Any CPU = Release|Any CPU
	EndGlobalSection
	GlobalSection(ProjectConfigurationPlatforms) = postSolution
		{017B1B6F-BB0B-4BA9-B698-00246C5733FA}.Debug|Any CPU.ActiveCfg = Debug|Any CPU
		{017B1B6F-BB0B-4BA9-B698-00246C5733FA}.Debug|Any CPU.Build.0 = Debug|Any CPU
		{017B1B6F-BB0B-4BA9-B698-00246C5733FA}.Release|Any CPU.ActiveCfg = Release|Any CPU
		{017B1B6F-BB0B-4BA9-B698-00246C5733FA}.Release|Any CPU.Build.0 = Release|Any CPU
		{4AC7A688-DEC7-408E-941F-531900C56317}.Debug|Any CPU.ActiveCfg = Debug|Any CPU
		{4AC7A688-DEC7-408E-941F-531900C56317}.Debug|Any CPU.Build.0 = Debug|Any CPU
		{4AC7A688-DEC7-408E-941F-531900C56317}.Release|Any CPU.ActiveCfg = Release|Any CPU
		{4AC7A688-DEC7-408E-941F-531900C56317}.Release|Any CPU.Build.0 = Release|Any CPU
	EndGlobalSection
	GlobalSection(SolutionProperties) = preSolution
		HideSolutionNode = FALSE
	EndGlobalSection
	GlobalSection(ExtensibilityGlobals) = postSolution
		SolutionGuid = {DD36D442-D93D-4DEC-959A-B840067292A2}
	EndGlobalSection
EndGlobal
